
Microsoft Visual Studio Solution File, Format Version 12.00
# Visual Studio Version 17
VisualStudioVersion = 17.1.32210.238
MinimumVisualStudioVersion = 10.0.40219.1
Project("{9A19103F-16F7-4668-BE54-9A1E7A4F7556}") = "WeatherForecast", "WeatherForecast\WeatherForecast.csproj", "{6DA325EC-DBDB-464C-B0C0-343736A9D265}"
EndProject
Project("{9A19103F-16F7-4668-BE54-9A1E7A4F7556}") = "WeatherAPI", "WeatherAPI\WeatherAPI.csproj", "{B1DC73C1-1B98-42AB-A69E-FBDE94D9CBA9}"
EndProject
Project("{2150E333-8FDC-42A3-9474-1A3956D46DE8}") = "Solution Items", "Solution Items", "{A9562710-9870-4655-A484-91CAF097434A}"
	ProjectSection(SolutionItems) = preProject
		.editorconfig = .editorconfig
	EndProjectSection
EndProject
Global
	GlobalSection(SolutionConfigurationPlatforms) = preSolution
		Debug|Any CPU = Debug|Any CPU
		Release|Any CPU = Release|Any CPU
	EndGlobalSection
	GlobalSection(ProjectConfigurationPlatforms) = postSolution
		{6DA325EC-DBDB-464C-B0C0-343736A9D265}.Debug|Any CPU.ActiveCfg = Debug|Any CPU
		{6DA325EC-DBDB-464C-B0C0-343736A9D265}.Debug|Any CPU.Build.0 = Debug|Any CPU
		{6DA325EC-DBDB-464C-B0C0-343736A9D265}.Release|Any CPU.ActiveCfg = Release|Any CPU
		{6DA325EC-DBDB-464C-B0C0-343736A9D265}.Release|Any CPU.Build.0 = Release|Any CPU
		{B1DC73C1-1B98-42AB-A69E-FBDE94D9CBA9}.Debug|Any CPU.ActiveCfg = Debug|Any CPU
		{B1DC73C1-1B98-42AB-A69E-FBDE94D9CBA9}.Debug|Any CPU.Build.0 = Debug|Any CPU
		{B1DC73C1-1B98-42AB-A69E-FBDE94D9CBA9}.Release|Any CPU.ActiveCfg = Release|Any CPU
		{B1DC73C1-1B98-42AB-A69E-FBDE94D9CBA9}.Release|Any CPU.Build.0 = Release|Any CPU
	EndGlobalSection
	GlobalSection(SolutionProperties) = preSolution
		HideSolutionNode = FALSE
	EndGlobalSection
	GlobalSection(ExtensibilityGlobals) = postSolution
		SolutionGuid = {28DF54C4-4C66-4562-973C-FEF3D3377EB4}
	EndGlobalSection
EndGlobal
