
Microsoft Visual Studio Solution File, Format Version 12.00
# Visual Studio Version 17
VisualStudioVersion = 17.1.32210.238
MinimumVisualStudioVersion = 10.0.40219.1
Project("{FAE04EC0-301F-11D3-BF4B-00C04F79EFBC}") = "WeatherForecast", "WeatherForecast\WeatherForecast.csproj", "{6DA325EC-DBDB-464C-B0C0-343736A9D265}"
EndProject
Project("{FAE04EC0-301F-11D3-BF4B-00C04F79EFBC}") = "WeatherAPI", "WeatherAPI\WeatherAPI.csproj", "{B1DC73C1-1B98-42AB-A69E-FBDE94D9CBA9}"
EndProject
Global
	GlobalSection(SolutionConfigurationPlatforms) = preSolution
		Debug|Any CPU = Debug|Any CPU
		Release|Any CPU = Release|Any CPU
	EndGlobalSection
	GlobalSection(ProjectConfigurationPlatforms) = postSolution
		{6DA325EC-DBDB-464C-B0C0-343736A9D265}.Debug|Any CPU.ActiveCfg = Debug|Any CPU
		{6DA325EC-DBDB-464C-B0C0-343736A9D265}.Debug|Any CPU.Build.0 = Debug|Any CPU
		{6DA325EC-DBDB-464C-B0C0-343736A9D265}.Release|Any CPU.ActiveCfg = Release|Any CPU
		{6DA325EC-DBDB-464C-B0C0-343736A9D265}.Release|Any CPU.Build.0 = Release|Any CPU
		{B1DC73C1-1B98-42AB-A69E-FBDE94D9CBA9}.Debug|Any CPU.ActiveCfg = Debug|Any CPU
		{B1DC73C1-1B98-42AB-A69E-FBDE94D9CBA9}.Debug|Any CPU.Build.0 = Debug|Any CPU
		{B1DC73C1-1B98-42AB-A69E-FBDE94D9CBA9}.Release|Any CPU.ActiveCfg = Release|Any CPU
		{B1DC73C1-1B98-42AB-A69E-FBDE94D9CBA9}.Release|Any CPU.Build.0 = Release|Any CPU
	EndGlobalSection
	GlobalSection(SolutionProperties) = preSolution
		HideSolutionNode = FALSE
	EndGlobalSection
	GlobalSection(ExtensibilityGlobals) = postSolution
		SolutionGuid = {28DF54C4-4C66-4562-973C-FEF3D3377EB4}
	EndGlobalSection
EndGlobal
